// !$*UTF8*$!
{
	archiveVersion = 1;
	classes = {
	};
	objectVersion = 46;
	objects = {

/* Begin PBXBuildFile section */
		C5883F111C8DD7C90014D130 /* core_ios.h in CopyFiles */ = {isa = PBXBuildFile; fileRef = C5883F101C8DD7C90014D130 /* core_ios.h */; };
		C5883F131C8DD7C90014D130 /* core_ios.mm in Sources */ = {isa = PBXBuildFile; fileRef = C5883F121C8DD7C90014D130 /* core_ios.mm */; };
/* End PBXBuildFile section */

/* Begin PBXCopyFilesBuildPhase section */
		C5883F0B1C8DD7C90014D130 /* CopyFiles */ = {
			isa = PBXCopyFilesBuildPhase;
			buildActionMask = 2147483647;
			dstPath = "include/$(PRODUCT_NAME)";
			dstSubfolderSpec = 16;
			files = (
				C5883F111C8DD7C90014D130 /* core_ios.h in CopyFiles */,
			);
			runOnlyForDeploymentPostprocessing = 0;
		};
/* End PBXCopyFilesBuildPhase section */

/* Begin PBXFileReference section */
		C5883F0D1C8DD7C90014D130 /* libcore-ios.a */ = {isa = PBXFileReference; explicitFileType = archive.ar; includeInIndex = 0; path = "libcore-ios.a"; sourceTree = BUILT_PRODUCTS_DIR; };
		C5883F101C8DD7C90014D130 /* core_ios.h */ = {isa = PBXFileReference; lastKnownFileType = sourcecode.c.h; path = core_ios.h; sourceTree = "<group>"; };
		C5883F121C8DD7C90014D130 /* core_ios.mm */ = {isa = PBXFileReference; lastKnownFileType = sourcecode.cpp.objcpp; path = core_ios.mm; sourceTree = "<group>"; };
/* End PBXFileReference section */

/* Begin PBXFrameworksBuildPhase section */
		C5883F0A1C8DD7C90014D130 /* Frameworks */ = {
			isa = PBXFrameworksBuildPhase;
			buildActionMask = 2147483647;
			files = (
			);
			runOnlyForDeploymentPostprocessing = 0;
		};
/* End PBXFrameworksBuildPhase section */

/* Begin PBXGroup section */
		C5883F041C8DD7C90014D130 = {
			isa = PBXGroup;
			children = (
				C5883F0F1C8DD7C90014D130 /* core-ios */,
				C5883F0E1C8DD7C90014D130 /* Products */,
			);
			sourceTree = "<group>";
		};
		C5883F0E1C8DD7C90014D130 /* Products */ = {
			isa = PBXGroup;
			children = (
				C5883F0D1C8DD7C90014D130 /* libcore-ios.a */,
			);
			name = Products;
			sourceTree = "<group>";
		};
		C5883F0F1C8DD7C90014D130 /* core-ios */ = {
			isa = PBXGroup;
			children = (
				C5883F101C8DD7C90014D130 /* core_ios.h */,
				C5883F121C8DD7C90014D130 /* core_ios.mm */,
			);
			path = "core-ios";
			sourceTree = "<group>";
		};
/* End PBXGroup section */

/* Begin PBXNativeTarget section */
		C5883F0C1C8DD7C90014D130 /* core-ios */ = {
			isa = PBXNativeTarget;
			buildConfigurationList = C5883F161C8DD7C90014D130 /* Build configuration list for PBXNativeTarget "core-ios" */;
			buildPhases = (
				C5883F091C8DD7C90014D130 /* Sources */,
				C5883F0A1C8DD7C90014D130 /* Frameworks */,
				C5883F0B1C8DD7C90014D130 /* CopyFiles */,
			);
			buildRules = (
			);
			dependencies = (
			);
			name = "core-ios";
			productName = "core-ios";
			productReference = C5883F0D1C8DD7C90014D130 /* libcore-ios.a */;
			productType = "com.apple.product-type.library.static";
		};
/* End PBXNativeTarget section */

/* Begin PBXProject section */
		C5883F051C8DD7C90014D130 /* Project object */ = {
			isa = PBXProject;
			attributes = {
				LastUpgradeCheck = 0710;
				ORGANIZATIONNAME = "Glen De Cauwsemaecker";
				TargetAttributes = {
					C5883F0C1C8DD7C90014D130 = {
						CreatedOnToolsVersion = 7.1.1;
					};
				};
			};
			buildConfigurationList = C5883F081C8DD7C90014D130 /* Build configuration list for PBXProject "core-ios" */;
			compatibilityVersion = "Xcode 3.2";
			developmentRegion = English;
			hasScannedForEncodings = 0;
			knownRegions = (
				en,
			);
			mainGroup = C5883F041C8DD7C90014D130;
			productRefGroup = C5883F0E1C8DD7C90014D130 /* Products */;
			projectDirPath = "";
			projectRoot = "";
			targets = (
				C5883F0C1C8DD7C90014D130 /* core-ios */,
			);
		};
/* End PBXProject section */

/* Begin PBXSourcesBuildPhase section */
		C5883F091C8DD7C90014D130 /* Sources */ = {
			isa = PBXSourcesBuildPhase;
			buildActionMask = 2147483647;
			files = (
				C5883F131C8DD7C90014D130 /* core_ios.mm in Sources */,
			);
			runOnlyForDeploymentPostprocessing = 0;
		};
/* End PBXSourcesBuildPhase section */

/* Begin XCBuildConfiguration section */
		C5883F141C8DD7C90014D130 /* Debug */ = {
			isa = XCBuildConfiguration;
			buildSettings = {
				ALWAYS_SEARCH_USER_PATHS = NO;
				CLANG_CXX_LANGUAGE_STANDARD = "gnu++0x";
				CLANG_CXX_LIBRARY = "libc++";
				CLANG_ENABLE_MODULES = YES;
				CLANG_ENABLE_OBJC_ARC = YES;
				CLANG_WARN_BOOL_CONVERSION = YES;
				CLANG_WARN_CONSTANT_CONVERSION = YES;
				CLANG_WARN_DIRECT_OBJC_ISA_USAGE = YES_ERROR;
				CLANG_WARN_EMPTY_BODY = YES;
				CLANG_WARN_ENUM_CONVERSION = YES;
				CLANG_WARN_INT_CONVERSION = YES;
				CLANG_WARN_OBJC_ROOT_CLASS = YES_ERROR;
				CLANG_WARN_UNREACHABLE_CODE = YES;
				CLANG_WARN__DUPLICATE_METHOD_MATCH = YES;
				"CODE_SIGN_IDENTITY[sdk=iphoneos*]" = "iPhone Developer";
				COPY_PHASE_STRIP = NO;
				DEBUG_INFORMATION_FORMAT = dwarf;
				ENABLE_STRICT_OBJC_MSGSEND = YES;
				ENABLE_TESTABILITY = YES;
				GCC_C_LANGUAGE_STANDARD = gnu99;
				GCC_DYNAMIC_NO_PIC = NO;
				GCC_NO_COMMON_BLOCKS = YES;
				GCC_OPTIMIZATION_LEVEL = 0;
				GCC_PREPROCESSOR_DEFINITIONS = (
					"DEBUG=1",
					"$(inherited)",
				);
				GCC_WARN_64_TO_32_BIT_CONVERSION = YES;
				GCC_WARN_ABOUT_RETURN_TYPE = YES_ERROR;
				GCC_WARN_UNDECLARED_SELECTOR = YES;
				GCC_WARN_UNINITIALIZED_AUTOS = YES_AGGRESSIVE;
				GCC_WARN_UNUSED_FUNCTION = YES;
				GCC_WARN_UNUSED_VARIABLE = YES;
				IPHONEOS_DEPLOYMENT_TARGET = 9.1;
				MTL_ENABLE_DEBUG_INFO = YES;
				ONLY_ACTIVE_ARCH = YES;
				SDKROOT = iphoneos;
			};
			name = Debug;
		};
		C5883F151C8DD7C90014D130 /* Release */ = {
			isa = XCBuildConfiguration;
			buildSettings = {
				ALWAYS_SEARCH_USER_PATHS = NO;
				CLANG_CXX_LANGUAGE_STANDARD = "gnu++0x";
				CLANG_CXX_LIBRARY = "libc++";
				CLANG_ENABLE_MODULES = YES;
				CLANG_ENABLE_OBJC_ARC = YES;
				CLANG_WARN_BOOL_CONVERSION = YES;
				CLANG_WARN_CONSTANT_CONVERSION = YES;
				CLANG_WARN_DIRECT_OBJC_ISA_USAGE = YES_ERROR;
				CLANG_WARN_EMPTY_BODY = YES;
				CLANG_WARN_ENUM_CONVERSION = YES;
				CLANG_WARN_INT_CONVERSION = YES;
				CLANG_WARN_OBJC_ROOT_CLASS = YES_ERROR;
				CLANG_WARN_UNREACHABLE_CODE = YES;
				CLANG_WARN__DUPLICATE_METHOD_MATCH = YES;
				"CODE_SIGN_IDENTITY[sdk=iphoneos*]" = "iPhone Developer";
				COPY_PHASE_STRIP = NO;
				DEBUG_INFORMATION_FORMAT = "dwarf-with-dsym";
				ENABLE_NS_ASSERTIONS = NO;
				ENABLE_STRICT_OBJC_MSGSEND = YES;
				GCC_C_LANGUAGE_STANDARD = gnu99;
				GCC_NO_COMMON_BLOCKS = YES;
				GCC_WARN_64_TO_32_BIT_CONVERSION = YES;
				GCC_WARN_ABOUT_RETURN_TYPE = YES_ERROR;
				GCC_WARN_UNDECLARED_SELECTOR = YES;
				GCC_WARN_UNINITIALIZED_AUTOS = YES_AGGRESSIVE;
				GCC_WARN_UNUSED_FUNCTION = YES;
				GCC_WARN_UNUSED_VARIABLE = YES;
				IPHONEOS_DEPLOYMENT_TARGET = 9.1;
				MTL_ENABLE_DEBUG_INFO = NO;
				SDKROOT = iphoneos;
				VALIDATE_PRODUCT = YES;
			};
			name = Release;
		};
		C5883F171C8DD7C90014D130 /* Debug */ = {
			isa = XCBuildConfiguration;
			buildSettings = {
				ARCHS = x86_64;
				OTHER_LDFLAGS = "-ObjC";
				PRODUCT_NAME = "$(TARGET_NAME)";
				SDKROOT = iphoneos9.1;
				SKIP_INSTALL = YES;
				VALID_ARCHS = x86_64;
			};
			name = Debug;
		};
		C5883F181C8DD7C90014D130 /* Release */ = {
			isa = XCBuildConfiguration;
			buildSettings = {
				ARCHS = x86_64;
				OTHER_LDFLAGS = "-ObjC";
				PRODUCT_NAME = "$(TARGET_NAME)";
				SDKROOT = iphoneos9.1;
				SKIP_INSTALL = YES;
				VALID_ARCHS = x86_64;
			};
			name = Release;
		};
/* End XCBuildConfiguration section */

/* Begin XCConfigurationList section */
		C5883F081C8DD7C90014D130 /* Build configuration list for PBXProject "core-ios" */ = {
			isa = XCConfigurationList;
			buildConfigurations = (
				C5883F141C8DD7C90014D130 /* Debug */,
				C5883F151C8DD7C90014D130 /* Release */,
			);
			defaultConfigurationIsVisible = 0;
			defaultConfigurationName = Release;
		};
		C5883F161C8DD7C90014D130 /* Build configuration list for PBXNativeTarget "core-ios" */ = {
			isa = XCConfigurationList;
			buildConfigurations = (
				C5883F171C8DD7C90014D130 /* Debug */,
				C5883F181C8DD7C90014D130 /* Release */,
			);
			defaultConfigurationIsVisible = 0;
			defaultConfigurationName = Release;
		};
/* End XCConfigurationList section */
	};
	rootObject = C5883F051C8DD7C90014D130 /* Project object */;
}
